
Microsoft Visual Studio Solution File, Format Version 12.00
# Visual Studio Version 17
VisualStudioVersion = 17.9.34607.119
MinimumVisualStudioVersion = 10.0.40219.1
Project("{FAE04EC0-301F-11D3-BF4B-00C04F79EFBC}") = "LAB_3", "LAB_3.csproj", "{68084717-0ACC-4F94-99C1-F8D2DF0072C2}"
EndProject
Global
	GlobalSection(SolutionConfigurationPlatforms) = preSolution
		Debug|Any CPU = Debug|Any CPU
		Release|Any CPU = Release|Any CPU
	EndGlobalSection
	GlobalSection(ProjectConfigurationPlatforms) = postSolution
		{68084717-0ACC-4F94-99C1-F8D2DF0072C2}.Debug|Any CPU.ActiveCfg = Debug|Any CPU
		{68084717-0ACC-4F94-99C1-F8D2DF0072C2}.Debug|Any CPU.Build.0 = Debug|Any CPU
		{68084717-0ACC-4F94-99C1-F8D2DF0072C2}.Release|Any CPU.ActiveCfg = Release|Any CPU
		{68084717-0ACC-4F94-99C1-F8D2DF0072C2}.Release|Any CPU.Build.0 = Release|Any CPU
	EndGlobalSection
	GlobalSection(SolutionProperties) = preSolution
		HideSolutionNode = FALSE
	EndGlobalSection
	GlobalSection(ExtensibilityGlobals) = postSolution
		SolutionGuid = {5ADEADC9-C90E-4C4E-8C45-1B64A53FF799}
	EndGlobalSection
EndGlobal
