
Microsoft Visual Studio Solution File, Format Version 12.00
# Visual Studio Version 17
VisualStudioVersion = 17.9.34902.65
MinimumVisualStudioVersion = 10.0.40219.1
Project("{9A19103F-16F7-4668-BE54-9A1E7A4F7556}") = "ConsoleApp21", "ConsoleApp21.csproj", "{41737E01-842F-42CE-BE47-39286251203E}"
EndProject
Global
	GlobalSection(SolutionConfigurationPlatforms) = preSolution
		Debug|Any CPU = Debug|Any CPU
		Release|Any CPU = Release|Any CPU
	EndGlobalSection
	GlobalSection(ProjectConfigurationPlatforms) = postSolution
		{41737E01-842F-42CE-BE47-39286251203E}.Debug|Any CPU.ActiveCfg = Debug|Any CPU
		{41737E01-842F-42CE-BE47-39286251203E}.Debug|Any CPU.Build.0 = Debug|Any CPU
		{41737E01-842F-42CE-BE47-39286251203E}.Release|Any CPU.ActiveCfg = Release|Any CPU
		{41737E01-842F-42CE-BE47-39286251203E}.Release|Any CPU.Build.0 = Release|Any CPU
	EndGlobalSection
	GlobalSection(SolutionProperties) = preSolution
		HideSolutionNode = FALSE
	EndGlobalSection
	GlobalSection(ExtensibilityGlobals) = postSolution
		SolutionGuid = {7B18878D-F810-454D-8D56-821D7E87CEC6}
	EndGlobalSection
EndGlobal
