
Microsoft Visual Studio Solution File, Format Version 12.00
# Visual Studio Version 17
VisualStudioVersion = 17.9.34902.65
MinimumVisualStudioVersion = 10.0.40219.1
Project("{FAE04EC0-301F-11D3-BF4B-00C04F79EFBC}") = "ConsoleApp25", "ConsoleApp25\ConsoleApp25.csproj", "{D6707EF4-1122-443A-88A6-C93C3BD7F2CE}"
EndProject
Global
	GlobalSection(SolutionConfigurationPlatforms) = preSolution
		Debug|Any CPU = Debug|Any CPU
		Release|Any CPU = Release|Any CPU
	EndGlobalSection
	GlobalSection(ProjectConfigurationPlatforms) = postSolution
		{D6707EF4-1122-443A-88A6-C93C3BD7F2CE}.Debug|Any CPU.ActiveCfg = Debug|Any CPU
		{D6707EF4-1122-443A-88A6-C93C3BD7F2CE}.Debug|Any CPU.Build.0 = Debug|Any CPU
		{D6707EF4-1122-443A-88A6-C93C3BD7F2CE}.Release|Any CPU.ActiveCfg = Release|Any CPU
		{D6707EF4-1122-443A-88A6-C93C3BD7F2CE}.Release|Any CPU.Build.0 = Release|Any CPU
	EndGlobalSection
	GlobalSection(SolutionProperties) = preSolution
		HideSolutionNode = FALSE
	EndGlobalSection
	GlobalSection(ExtensibilityGlobals) = postSolution
		SolutionGuid = {B0AF5F9E-61FA-4894-B764-2C4F050C0A7D}
	EndGlobalSection
EndGlobal
