
Microsoft Visual Studio Solution File, Format Version 12.00
# Visual Studio Version 17
VisualStudioVersion = 17.9.34607.119
MinimumVisualStudioVersion = 10.0.40219.1
Project("{9A19103F-16F7-4668-BE54-9A1E7A4F7556}") = "ConsoleApp15", "ConsoleApp15.csproj", "{65053384-1401-4D13-A363-DA8E339633A2}"
EndProject
Project("{FAE04EC0-301F-11D3-BF4B-00C04F79EFBC}") = "ConsoleApp19", "..\ConsoleApp19\ConsoleApp19.csproj", "{8E118806-4E59-4F05-8E03-95CDAEE5C11D}"
EndProject
Project("{FAE04EC0-301F-11D3-BF4B-00C04F79EFBC}") = "ConsoleApp20", "..\ConsoleApp20\ConsoleApp20.csproj", "{7A99E7C6-56D7-4DF6-9C4F-B5EAE48D1C8A}"
EndProject
Project("{FAE04EC0-301F-11D3-BF4B-00C04F79EFBC}") = "ConsoleApp21", "..\ConsoleApp21\ConsoleApp21.csproj", "{B0074261-EF81-468F-8072-78A77391EB61}"
EndProject
Global
	GlobalSection(SolutionConfigurationPlatforms) = preSolution
		Debug|Any CPU = Debug|Any CPU
		Release|Any CPU = Release|Any CPU
	EndGlobalSection
	GlobalSection(ProjectConfigurationPlatforms) = postSolution
		{65053384-1401-4D13-A363-DA8E339633A2}.Debug|Any CPU.ActiveCfg = Debug|Any CPU
		{65053384-1401-4D13-A363-DA8E339633A2}.Debug|Any CPU.Build.0 = Debug|Any CPU
		{65053384-1401-4D13-A363-DA8E339633A2}.Release|Any CPU.ActiveCfg = Release|Any CPU
		{65053384-1401-4D13-A363-DA8E339633A2}.Release|Any CPU.Build.0 = Release|Any CPU
		{8E118806-4E59-4F05-8E03-95CDAEE5C11D}.Debug|Any CPU.ActiveCfg = Debug|Any CPU
		{8E118806-4E59-4F05-8E03-95CDAEE5C11D}.Debug|Any CPU.Build.0 = Debug|Any CPU
		{8E118806-4E59-4F05-8E03-95CDAEE5C11D}.Release|Any CPU.ActiveCfg = Release|Any CPU
		{8E118806-4E59-4F05-8E03-95CDAEE5C11D}.Release|Any CPU.Build.0 = Release|Any CPU
		{7A99E7C6-56D7-4DF6-9C4F-B5EAE48D1C8A}.Debug|Any CPU.ActiveCfg = Debug|Any CPU
		{7A99E7C6-56D7-4DF6-9C4F-B5EAE48D1C8A}.Debug|Any CPU.Build.0 = Debug|Any CPU
		{7A99E7C6-56D7-4DF6-9C4F-B5EAE48D1C8A}.Release|Any CPU.ActiveCfg = Release|Any CPU
		{7A99E7C6-56D7-4DF6-9C4F-B5EAE48D1C8A}.Release|Any CPU.Build.0 = Release|Any CPU
		{B0074261-EF81-468F-8072-78A77391EB61}.Debug|Any CPU.ActiveCfg = Debug|Any CPU
		{B0074261-EF81-468F-8072-78A77391EB61}.Debug|Any CPU.Build.0 = Debug|Any CPU
		{B0074261-EF81-468F-8072-78A77391EB61}.Release|Any CPU.ActiveCfg = Release|Any CPU
		{B0074261-EF81-468F-8072-78A77391EB61}.Release|Any CPU.Build.0 = Release|Any CPU
	EndGlobalSection
	GlobalSection(SolutionProperties) = preSolution
		HideSolutionNode = FALSE
	EndGlobalSection
	GlobalSection(ExtensibilityGlobals) = postSolution
		SolutionGuid = {5886C85F-E7E7-4D92-BC19-E20570F8881F}
	EndGlobalSection
EndGlobal
