
Microsoft Visual Studio Solution File, Format Version 12.00
# Visual Studio Version 17
VisualStudioVersion = 17.9.34607.119
MinimumVisualStudioVersion = 10.0.40219.1
Project("{FAE04EC0-301F-11D3-BF4B-00C04F79EFBC}") = "ConsoleApp9", "ConsoleApp9.csproj", "{5CBD9A8C-E55C-4284-9FFE-6B8A52B52160}"
EndProject
Global
	GlobalSection(SolutionConfigurationPlatforms) = preSolution
		Debug|Any CPU = Debug|Any CPU
		Release|Any CPU = Release|Any CPU
	EndGlobalSection
	GlobalSection(ProjectConfigurationPlatforms) = postSolution
		{5CBD9A8C-E55C-4284-9FFE-6B8A52B52160}.Debug|Any CPU.ActiveCfg = Debug|Any CPU
		{5CBD9A8C-E55C-4284-9FFE-6B8A52B52160}.Debug|Any CPU.Build.0 = Debug|Any CPU
		{5CBD9A8C-E55C-4284-9FFE-6B8A52B52160}.Release|Any CPU.ActiveCfg = Release|Any CPU
		{5CBD9A8C-E55C-4284-9FFE-6B8A52B52160}.Release|Any CPU.Build.0 = Release|Any CPU
	EndGlobalSection
	GlobalSection(SolutionProperties) = preSolution
		HideSolutionNode = FALSE
	EndGlobalSection
	GlobalSection(ExtensibilityGlobals) = postSolution
		SolutionGuid = {82372BB7-0E97-4405-BF52-2C210BAFDFCD}
	EndGlobalSection
EndGlobal
