
Microsoft Visual Studio Solution File, Format Version 12.00
# Visual Studio Version 17
VisualStudioVersion = 17.9.34607.119
MinimumVisualStudioVersion = 10.0.40219.1
Project("{FAE04EC0-301F-11D3-BF4B-00C04F79EFBC}") = "ConsoleApp5", "ConsoleApp5.csproj", "{38AEC90F-A2CF-477E-963A-D8C51D606F56}"
EndProject
Global
	GlobalSection(SolutionConfigurationPlatforms) = preSolution
		Debug|Any CPU = Debug|Any CPU
		Release|Any CPU = Release|Any CPU
	EndGlobalSection
	GlobalSection(ProjectConfigurationPlatforms) = postSolution
		{38AEC90F-A2CF-477E-963A-D8C51D606F56}.Debug|Any CPU.ActiveCfg = Debug|Any CPU
		{38AEC90F-A2CF-477E-963A-D8C51D606F56}.Debug|Any CPU.Build.0 = Debug|Any CPU
		{38AEC90F-A2CF-477E-963A-D8C51D606F56}.Release|Any CPU.ActiveCfg = Release|Any CPU
		{38AEC90F-A2CF-477E-963A-D8C51D606F56}.Release|Any CPU.Build.0 = Release|Any CPU
	EndGlobalSection
	GlobalSection(SolutionProperties) = preSolution
		HideSolutionNode = FALSE
	EndGlobalSection
	GlobalSection(ExtensibilityGlobals) = postSolution
		SolutionGuid = {8B00F90C-1494-422A-BEDE-F6F06AA1B34C}
	EndGlobalSection
EndGlobal
