
Microsoft Visual Studio Solution File, Format Version 12.00
# Visual Studio Version 17
VisualStudioVersion = 17.9.34607.119
MinimumVisualStudioVersion = 10.0.40219.1
Project("{FAE04EC0-301F-11D3-BF4B-00C04F79EFBC}") = "ConsoleApp4", "ConsoleApp4.csproj", "{C71B1B34-2288-4A3F-8671-E64FB51BDB3A}"
EndProject
Global
	GlobalSection(SolutionConfigurationPlatforms) = preSolution
		Debug|Any CPU = Debug|Any CPU
		Release|Any CPU = Release|Any CPU
	EndGlobalSection
	GlobalSection(ProjectConfigurationPlatforms) = postSolution
		{C71B1B34-2288-4A3F-8671-E64FB51BDB3A}.Debug|Any CPU.ActiveCfg = Debug|Any CPU
		{C71B1B34-2288-4A3F-8671-E64FB51BDB3A}.Debug|Any CPU.Build.0 = Debug|Any CPU
		{C71B1B34-2288-4A3F-8671-E64FB51BDB3A}.Release|Any CPU.ActiveCfg = Release|Any CPU
		{C71B1B34-2288-4A3F-8671-E64FB51BDB3A}.Release|Any CPU.Build.0 = Release|Any CPU
	EndGlobalSection
	GlobalSection(SolutionProperties) = preSolution
		HideSolutionNode = FALSE
	EndGlobalSection
	GlobalSection(ExtensibilityGlobals) = postSolution
		SolutionGuid = {01C41574-C7A4-4751-9E3C-439A44E96FD7}
	EndGlobalSection
EndGlobal
