
Microsoft Visual Studio Solution File, Format Version 12.00
# Visual Studio Version 17
VisualStudioVersion = 17.9.34902.65
MinimumVisualStudioVersion = 10.0.40219.1
Project("{FAE04EC0-301F-11D3-BF4B-00C04F79EFBC}") = "Dop1", "Dop1\Dop1.csproj", "{09C6CEF9-FCDD-4F6C-A050-0641FC2B13DC}"
EndProject
Global
	GlobalSection(SolutionConfigurationPlatforms) = preSolution
		Debug|Any CPU = Debug|Any CPU
		Release|Any CPU = Release|Any CPU
	EndGlobalSection
	GlobalSection(ProjectConfigurationPlatforms) = postSolution
		{09C6CEF9-FCDD-4F6C-A050-0641FC2B13DC}.Debug|Any CPU.ActiveCfg = Debug|Any CPU
		{09C6CEF9-FCDD-4F6C-A050-0641FC2B13DC}.Debug|Any CPU.Build.0 = Debug|Any CPU
		{09C6CEF9-FCDD-4F6C-A050-0641FC2B13DC}.Release|Any CPU.ActiveCfg = Release|Any CPU
		{09C6CEF9-FCDD-4F6C-A050-0641FC2B13DC}.Release|Any CPU.Build.0 = Release|Any CPU
	EndGlobalSection
	GlobalSection(SolutionProperties) = preSolution
		HideSolutionNode = FALSE
	EndGlobalSection
	GlobalSection(ExtensibilityGlobals) = postSolution
		SolutionGuid = {872E3135-0D63-45E8-B5B8-44135EB1D193}
	EndGlobalSection
EndGlobal
